
Microsoft Visual Studio Solution File, Format Version 12.00
Project("{FAE04EC0-301F-11D3-BF4B-00C04F79EFBC}") = "PageReplacementAlgorithms", "PageReplacementAlgorithms.csproj", "{6A167D6A-0982-4CF0-A048-14E66E80C2D5}"
EndProject
Project("{FAE04EC0-301F-11D3-BF4B-00C04F79EFBC}") = "PageReplacementAlgorithmsTest", "..\PageReplacementAlgorithmsTest\PageReplacementAlgorithmsTest.csproj", "{D64D1F87-53B5-41A2-878D-59F8D437198A}"
EndProject
Global
	GlobalSection(SolutionConfigurationPlatforms) = preSolution
		Debug|Any CPU = Debug|Any CPU
		Release|Any CPU = Release|Any CPU
	EndGlobalSection
	GlobalSection(ProjectConfigurationPlatforms) = postSolution
		{6A167D6A-0982-4CF0-A048-14E66E80C2D5}.Debug|Any CPU.ActiveCfg = Debug|Any CPU
		{6A167D6A-0982-4CF0-A048-14E66E80C2D5}.Debug|Any CPU.Build.0 = Debug|Any CPU
		{6A167D6A-0982-4CF0-A048-14E66E80C2D5}.Release|Any CPU.ActiveCfg = Release|Any CPU
		{6A167D6A-0982-4CF0-A048-14E66E80C2D5}.Release|Any CPU.Build.0 = Release|Any CPU
		{D64D1F87-53B5-41A2-878D-59F8D437198A}.Debug|Any CPU.ActiveCfg = Debug|Any CPU
		{D64D1F87-53B5-41A2-878D-59F8D437198A}.Debug|Any CPU.Build.0 = Debug|Any CPU
		{D64D1F87-53B5-41A2-878D-59F8D437198A}.Release|Any CPU.ActiveCfg = Release|Any CPU
		{D64D1F87-53B5-41A2-878D-59F8D437198A}.Release|Any CPU.Build.0 = Release|Any CPU
	EndGlobalSection
EndGlobal
